
Microsoft Visual Studio Solution File, Format Version 12.00
# Visual Studio Version 17
VisualStudioVersion = 17.0.31903.59
MinimumVisualStudioVersion = 10.0.40219.1
Project("{2150E333-8FDC-42A3-9474-1A3956D46DE8}") = "src", "src", "{1544AF7F-6841-4312-A5B9-8892B64F0086}"
EndProject
Project("{FAE04EC0-301F-11D3-BF4B-00C04F79EFBC}") = "HealthPrep.Domain", "src\HealthPrep.Domain\HealthPrep.Domain.csproj", "{E6E6CA4D-BAFC-45BC-A491-2D47C241A9EA}"
EndProject
Project("{FAE04EC0-301F-11D3-BF4B-00C04F79EFBC}") = "HealthPrep.Application", "src\HealthPrep.Application\HealthPrep.Application.csproj", "{D9BB2915-AF8C-43CF-BABB-90A7CFEF4980}"
EndProject
Project("{FAE04EC0-301F-11D3-BF4B-00C04F79EFBC}") = "HealthPrep.Infrastructure", "src\HealthPrep.Infrastructure\HealthPrep.Infrastructure.csproj", "{60E508C4-184D-4A9D-80AA-1682B83DC2D6}"
EndProject
Project("{FAE04EC0-301F-11D3-BF4B-00C04F79EFBC}") = "HealthPrep.Api", "src\HealthPrep.Api\HealthPrep.Api.csproj", "{1DA2E2D6-10D3-4C12-ABF1-0674F3DC3953}"
EndProject
Project("{2150E333-8FDC-42A3-9474-1A3956D46DE8}") = "tests", "tests", "{ACCE42D2-3D7D-46DC-A7C9-2814254925E3}"
EndProject
Project("{FAE04EC0-301F-11D3-BF4B-00C04F79EFBC}") = "HealthPrep.UnitTests", "tests\HealthPrep.UnitTests\HealthPrep.UnitTests.csproj", "{E5317595-EA60-4277-BE95-36FA40F00340}"
EndProject
Global
	GlobalSection(SolutionConfigurationPlatforms) = preSolution
		Debug|Any CPU = Debug|Any CPU
		Release|Any CPU = Release|Any CPU
	EndGlobalSection
	GlobalSection(SolutionProperties) = preSolution
		HideSolutionNode = FALSE
	EndGlobalSection
	GlobalSection(ProjectConfigurationPlatforms) = postSolution
		{E6E6CA4D-BAFC-45BC-A491-2D47C241A9EA}.Debug|Any CPU.ActiveCfg = Debug|Any CPU
		{E6E6CA4D-BAFC-45BC-A491-2D47C241A9EA}.Debug|Any CPU.Build.0 = Debug|Any CPU
		{E6E6CA4D-BAFC-45BC-A491-2D47C241A9EA}.Release|Any CPU.ActiveCfg = Release|Any CPU
		{E6E6CA4D-BAFC-45BC-A491-2D47C241A9EA}.Release|Any CPU.Build.0 = Release|Any CPU
		{D9BB2915-AF8C-43CF-BABB-90A7CFEF4980}.Debug|Any CPU.ActiveCfg = Debug|Any CPU
		{D9BB2915-AF8C-43CF-BABB-90A7CFEF4980}.Debug|Any CPU.Build.0 = Debug|Any CPU
		{D9BB2915-AF8C-43CF-BABB-90A7CFEF4980}.Release|Any CPU.ActiveCfg = Release|Any CPU
		{D9BB2915-AF8C-43CF-BABB-90A7CFEF4980}.Release|Any CPU.Build.0 = Release|Any CPU
		{60E508C4-184D-4A9D-80AA-1682B83DC2D6}.Debug|Any CPU.ActiveCfg = Debug|Any CPU
		{60E508C4-184D-4A9D-80AA-1682B83DC2D6}.Debug|Any CPU.Build.0 = Debug|Any CPU
		{60E508C4-184D-4A9D-80AA-1682B83DC2D6}.Release|Any CPU.ActiveCfg = Release|Any CPU
		{60E508C4-184D-4A9D-80AA-1682B83DC2D6}.Release|Any CPU.Build.0 = Release|Any CPU
		{1DA2E2D6-10D3-4C12-ABF1-0674F3DC3953}.Debug|Any CPU.ActiveCfg = Debug|Any CPU
		{1DA2E2D6-10D3-4C12-ABF1-0674F3DC3953}.Debug|Any CPU.Build.0 = Debug|Any CPU
		{1DA2E2D6-10D3-4C12-ABF1-0674F3DC3953}.Release|Any CPU.ActiveCfg = Release|Any CPU
		{1DA2E2D6-10D3-4C12-ABF1-0674F3DC3953}.Release|Any CPU.Build.0 = Release|Any CPU
		{E5317595-EA60-4277-BE95-36FA40F00340}.Debug|Any CPU.ActiveCfg = Debug|Any CPU
		{E5317595-EA60-4277-BE95-36FA40F00340}.Debug|Any CPU.Build.0 = Debug|Any CPU
		{E5317595-EA60-4277-BE95-36FA40F00340}.Release|Any CPU.ActiveCfg = Release|Any CPU
		{E5317595-EA60-4277-BE95-36FA40F00340}.Release|Any CPU.Build.0 = Release|Any CPU
	EndGlobalSection
	GlobalSection(NestedProjects) = preSolution
		{E6E6CA4D-BAFC-45BC-A491-2D47C241A9EA} = {1544AF7F-6841-4312-A5B9-8892B64F0086}
		{D9BB2915-AF8C-43CF-BABB-90A7CFEF4980} = {1544AF7F-6841-4312-A5B9-8892B64F0086}
		{60E508C4-184D-4A9D-80AA-1682B83DC2D6} = {1544AF7F-6841-4312-A5B9-8892B64F0086}
		{1DA2E2D6-10D3-4C12-ABF1-0674F3DC3953} = {1544AF7F-6841-4312-A5B9-8892B64F0086}
		{E5317595-EA60-4277-BE95-36FA40F00340} = {ACCE42D2-3D7D-46DC-A7C9-2814254925E3}
	EndGlobalSection
EndGlobal
